// !$*UTF8*$!
{
	archiveVersion = 1;
	classes = {
	};
	objectVersion = 77;
	objects = {

/* Begin PBXContainerItemProxy section */
		B3F7D3002D5A091E00166854 /* PBXContainerItemProxy */ = {
			isa = PBXContainerItemProxy;
			containerPortal = B3F7D2E72D5A091C00166854 /* Project object */;
			proxyType = 1;
			remoteGlobalIDString = B3F7D2EE2D5A091C00166854;
			remoteInfo = MBDI_WS3_BingeQueuer;
		};
		B3F7D30A2D5A091E00166854 /* PBXContainerItemProxy */ = {
			isa = PBXContainerItemProxy;
			containerPortal = B3F7D2E72D5A091C00166854 /* Project object */;
			proxyType = 1;
			remoteGlobalIDString = B3F7D2EE2D5A091C00166854;
			remoteInfo = MBDI_WS3_BingeQueuer;
		};
/* End PBXContainerItemProxy section */

/* Begin PBXFileReference section */
		B3F7D2EF2D5A091C00166854 /* MBDI_WS3_BingeQueuer.app */ = {isa = PBXFileReference; explicitFileType = wrapper.application; includeInIndex = 0; path = MBDI_WS3_BingeQueuer.app; sourceTree = BUILT_PRODUCTS_DIR; };
		B3F7D2FF2D5A091D00166854 /* MBDI_WS3_BingeQueuerTests.xctest */ = {isa = PBXFileReference; explicitFileType = wrapper.cfbundle; includeInIndex = 0; path = MBDI_WS3_BingeQueuerTests.xctest; sourceTree = BUILT_PRODUCTS_DIR; };
		B3F7D3092D5A091E00166854 /* MBDI_WS3_BingeQueuerUITests.xctest */ = {isa = PBXFileReference; explicitFileType = wrapper.cfbundle; includeInIndex = 0; path = MBDI_WS3_BingeQueuerUITests.xctest; sourceTree = BUILT_PRODUCTS_DIR; };
/* End PBXFileReference section */

/* Begin PBXFileSystemSynchronizedRootGroup section */
		B3F7D2F12D5A091C00166854 /* MBDI_WS3_BingeQueuer */ = {
			isa = PBXFileSystemSynchronizedRootGroup;
			path = MBDI_WS3_BingeQueuer;
			sourceTree = "<group>";
		};
		B3F7D3022D5A091E00166854 /* MBDI_WS3_BingeQueuerTests */ = {
			isa = PBXFileSystemSynchronizedRootGroup;
			path = MBDI_WS3_BingeQueuerTests;
			sourceTree = "<group>";
		};
		B3F7D30C2D5A091E00166854 /* MBDI_WS3_BingeQueuerUITests */ = {
			isa = PBXFileSystemSynchronizedRootGroup;
			path = MBDI_WS3_BingeQueuerUITests;
			sourceTree = "<group>";
		};
/* End PBXFileSystemSynchronizedRootGroup section */

/* Begin PBXFrameworksBuildPhase section */
		B3F7D2EC2D5A091C00166854 /* Frameworks */ = {
			isa = PBXFrameworksBuildPhase;
			buildActionMask = 2147483647;
			files = (
			);
			runOnlyForDeploymentPostprocessing = 0;
		};
		B3F7D2FC2D5A091D00166854 /* Frameworks */ = {
			isa = PBXFrameworksBuildPhase;
			buildActionMask = 2147483647;
			files = (
			);
			runOnlyForDeploymentPostprocessing = 0;
		};
		B3F7D3062D5A091E00166854 /* Frameworks */ = {
			isa = PBXFrameworksBuildPhase;
			buildActionMask = 2147483647;
			files = (
			);
			runOnlyForDeploymentPostprocessing = 0;
		};
/* End PBXFrameworksBuildPhase section */

/* Begin PBXGroup section */
		B3F7D2E62D5A091C00166854 = {
			isa = PBXGroup;
			children = (
				B3F7D2F12D5A091C00166854 /* MBDI_WS3_BingeQueuer */,
				B3F7D3022D5A091E00166854 /* MBDI_WS3_BingeQueuerTests */,
				B3F7D30C2D5A091E00166854 /* MBDI_WS3_BingeQueuerUITests */,
				B3F7D2F02D5A091C00166854 /* Products */,
			);
			sourceTree = "<group>";
		};
		B3F7D2F02D5A091C00166854 /* Products */ = {
			isa = PBXGroup;
			children = (
				B3F7D2EF2D5A091C00166854 /* MBDI_WS3_BingeQueuer.app */,
				B3F7D2FF2D5A091D00166854 /* MBDI_WS3_BingeQueuerTests.xctest */,
				B3F7D3092D5A091E00166854 /* MBDI_WS3_BingeQueuerUITests.xctest */,
			);
			name = Products;
			sourceTree = "<group>";
		};
/* End PBXGroup section */

/* Begin PBXNativeTarget section */
		B3F7D2EE2D5A091C00166854 /* MBDI_WS3_BingeQueuer */ = {
			isa = PBXNativeTarget;
			buildConfigurationList = B3F7D3132D5A091E00166854 /* Build configuration list for PBXNativeTarget "MBDI_WS3_BingeQueuer" */;
			buildPhases = (
				B3F7D2EB2D5A091C00166854 /* Sources */,
				B3F7D2EC2D5A091C00166854 /* Frameworks */,
				B3F7D2ED2D5A091C00166854 /* Resources */,
			);
			buildRules = (
			);
			dependencies = (
			);
			fileSystemSynchronizedGroups = (
				B3F7D2F12D5A091C00166854 /* MBDI_WS3_BingeQueuer */,
			);
			name = MBDI_WS3_BingeQueuer;
			packageProductDependencies = (
			);
			productName = MBDI_WS3_BingeQueuer;
			productReference = B3F7D2EF2D5A091C00166854 /* MBDI_WS3_BingeQueuer.app */;
			productType = "com.apple.product-type.application";
		};
		B3F7D2FE2D5A091D00166854 /* MBDI_WS3_BingeQueuerTests */ = {
			isa = PBXNativeTarget;
			buildConfigurationList = B3F7D3162D5A091E00166854 /* Build configuration list for PBXNativeTarget "MBDI_WS3_BingeQueuerTests" */;
			buildPhases = (
				B3F7D2FB2D5A091D00166854 /* Sources */,
				B3F7D2FC2D5A091D00166854 /* Frameworks */,
				B3F7D2FD2D5A091D00166854 /* Resources */,
			);
			buildRules = (
			);
			dependencies = (
				B3F7D3012D5A091E00166854 /* PBXTargetDependency */,
			);
			fileSystemSynchronizedGroups = (
				B3F7D3022D5A091E00166854 /* MBDI_WS3_BingeQueuerTests */,
			);
			name = MBDI_WS3_BingeQueuerTests;
			packageProductDependencies = (
			);
			productName = MBDI_WS3_BingeQueuerTests;
			productReference = B3F7D2FF2D5A091D00166854 /* MBDI_WS3_BingeQueuerTests.xctest */;
			productType = "com.apple.product-type.bundle.unit-test";
		};
		B3F7D3082D5A091E00166854 /* MBDI_WS3_BingeQueuerUITests */ = {
			isa = PBXNativeTarget;
			buildConfigurationList = B3F7D3192D5A091E00166854 /* Build configuration list for PBXNativeTarget "MBDI_WS3_BingeQueuerUITests" */;
			buildPhases = (
				B3F7D3052D5A091E00166854 /* Sources */,
				B3F7D3062D5A091E00166854 /* Frameworks */,
				B3F7D3072D5A091E00166854 /* Resources */,
			);
			buildRules = (
			);
			dependencies = (
				B3F7D30B2D5A091E00166854 /* PBXTargetDependency */,
			);
			fileSystemSynchronizedGroups = (
				B3F7D30C2D5A091E00166854 /* MBDI_WS3_BingeQueuerUITests */,
			);
			name = MBDI_WS3_BingeQueuerUITests;
			packageProductDependencies = (
			);
			productName = MBDI_WS3_BingeQueuerUITests;
			productReference = B3F7D3092D5A091E00166854 /* MBDI_WS3_BingeQueuerUITests.xctest */;
			productType = "com.apple.product-type.bundle.ui-testing";
		};
/* End PBXNativeTarget section */

/* Begin PBXProject section */
		B3F7D2E72D5A091C00166854 /* Project object */ = {
			isa = PBXProject;
			attributes = {
				BuildIndependentTargetsInParallel = 1;
				LastSwiftUpdateCheck = 1620;
				LastUpgradeCheck = 1620;
				TargetAttributes = {
					B3F7D2EE2D5A091C00166854 = {
						CreatedOnToolsVersion = 16.2;
					};
					B3F7D2FE2D5A091D00166854 = {
						CreatedOnToolsVersion = 16.2;
						TestTargetID = B3F7D2EE2D5A091C00166854;
					};
					B3F7D3082D5A091E00166854 = {
						CreatedOnToolsVersion = 16.2;
						TestTargetID = B3F7D2EE2D5A091C00166854;
					};
				};
			};
			buildConfigurationList = B3F7D2EA2D5A091C00166854 /* Build configuration list for PBXProject "MBDI_WS3_BingeQueuer" */;
			developmentRegion = en;
			hasScannedForEncodings = 0;
			knownRegions = (
				en,
				Base,
			);
			mainGroup = B3F7D2E62D5A091C00166854;
			minimizedProjectReferenceProxies = 1;
			preferredProjectObjectVersion = 77;
			productRefGroup = B3F7D2F02D5A091C00166854 /* Products */;
			projectDirPath = "";
			projectRoot = "";
			targets = (
				B3F7D2EE2D5A091C00166854 /* MBDI_WS3_BingeQueuer */,
				B3F7D2FE2D5A091D00166854 /* MBDI_WS3_BingeQueuerTests */,
				B3F7D3082D5A091E00166854 /* MBDI_WS3_BingeQueuerUITests */,
			);
		};
/* End PBXProject section */

/* Begin PBXResourcesBuildPhase section */
		B3F7D2ED2D5A091C00166854 /* Resources */ = {
			isa = PBXResourcesBuildPhase;
			buildActionMask = 2147483647;
			files = (
			);
			runOnlyForDeploymentPostprocessing = 0;
		};
		B3F7D2FD2D5A091D00166854 /* Resources */ = {
			isa = PBXResourcesBuildPhase;
			buildActionMask = 2147483647;
			files = (
			);
			runOnlyForDeploymentPostprocessing = 0;
		};
		B3F7D3072D5A091E00166854 /* Resources */ = {
			isa = PBXResourcesBuildPhase;
			buildActionMask = 2147483647;
			files = (
			);
			runOnlyForDeploymentPostprocessing = 0;
		};
/* End PBXResourcesBuildPhase section */

/* Begin PBXSourcesBuildPhase section */
		B3F7D2EB2D5A091C00166854 /* Sources */ = {
			isa = PBXSourcesBuildPhase;
			buildActionMask = 2147483647;
			files = (
			);
			runOnlyForDeploymentPostprocessing = 0;
		};
		B3F7D2FB2D5A091D00166854 /* Sources */ = {
			isa = PBXSourcesBuildPhase;
			buildActionMask = 2147483647;
			files = (
			);
			runOnlyForDeploymentPostprocessing = 0;
		};
		B3F7D3052D5A091E00166854 /* Sources */ = {
			isa = PBXSourcesBuildPhase;
			buildActionMask = 2147483647;
			files = (
			);
			runOnlyForDeploymentPostprocessing = 0;
		};
/* End PBXSourcesBuildPhase section */

/* Begin PBXTargetDependency section */
		B3F7D3012D5A091E00166854 /* PBXTargetDependency */ = {
			isa = PBXTargetDependency;
			target = B3F7D2EE2D5A091C00166854 /* MBDI_WS3_BingeQueuer */;
			targetProxy = B3F7D3002D5A091E00166854 /* PBXContainerItemProxy */;
		};
		B3F7D30B2D5A091E00166854 /* PBXTargetDependency */ = {
			isa = PBXTargetDependency;
			target = B3F7D2EE2D5A091C00166854 /* MBDI_WS3_BingeQueuer */;
			targetProxy = B3F7D30A2D5A091E00166854 /* PBXContainerItemProxy */;
		};
/* End PBXTargetDependency section */

/* Begin XCBuildConfiguration section */
		B3F7D3112D5A091E00166854 /* Debug */ = {
			isa = XCBuildConfiguration;
			buildSettings = {
				ALWAYS_SEARCH_USER_PATHS = NO;
				ASSETCATALOG_COMPILER_GENERATE_SWIFT_ASSET_SYMBOL_EXTENSIONS = YES;
				CLANG_ANALYZER_NONNULL = YES;
				CLANG_ANALYZER_NUMBER_OBJECT_CONVERSION = YES_AGGRESSIVE;
				CLANG_CXX_LANGUAGE_STANDARD = "gnu++20";
				CLANG_ENABLE_MODULES = YES;
				CLANG_ENABLE_OBJC_ARC = YES;
				CLANG_ENABLE_OBJC_WEAK = YES;
				CLANG_WARN_BLOCK_CAPTURE_AUTORELEASING = YES;
				CLANG_WARN_BOOL_CONVERSION = YES;
				CLANG_WARN_COMMA = YES;
				CLANG_WARN_CONSTANT_CONVERSION = YES;
				CLANG_WARN_DEPRECATED_OBJC_IMPLEMENTATIONS = YES;
				CLANG_WARN_DIRECT_OBJC_ISA_USAGE = YES_ERROR;
				CLANG_WARN_DOCUMENTATION_COMMENTS = YES;
				CLANG_WARN_EMPTY_BODY = YES;
				CLANG_WARN_ENUM_CONVERSION = YES;
				CLANG_WARN_INFINITE_RECURSION = YES;
				CLANG_WARN_INT_CONVERSION = YES;
				CLANG_WARN_NON_LITERAL_NULL_CONVERSION = YES;
				CLANG_WARN_OBJC_IMPLICIT_RETAIN_SELF = YES;
				CLANG_WARN_OBJC_LITERAL_CONVERSION = YES;
				CLANG_WARN_OBJC_ROOT_CLASS = YES_ERROR;
				CLANG_WARN_QUOTED_INCLUDE_IN_FRAMEWORK_HEADER = YES;
				CLANG_WARN_RANGE_LOOP_ANALYSIS = YES;
				CLANG_WARN_STRICT_PROTOTYPES = YES;
				CLANG_WARN_SUSPICIOUS_MOVE = YES;
				CLANG_WARN_UNGUARDED_AVAILABILITY = YES_AGGRESSIVE;
				CLANG_WARN_UNREACHABLE_CODE = YES;
				CLANG_WARN__DUPLICATE_METHOD_MATCH = YES;
				COPY_PHASE_STRIP = NO;
				DEBUG_INFORMATION_FORMAT = dwarf;
				ENABLE_STRICT_OBJC_MSGSEND = YES;
				ENABLE_TESTABILITY = YES;
				ENABLE_USER_SCRIPT_SANDBOXING = YES;
				GCC_C_LANGUAGE_STANDARD = gnu17;
				GCC_DYNAMIC_NO_PIC = NO;
				GCC_NO_COMMON_BLOCKS = YES;
				GCC_OPTIMIZATION_LEVEL = 0;
				GCC_PREPROCESSOR_DEFINITIONS = (
					"DEBUG=1",
					"$(inherited)",
				);
				GCC_WARN_64_TO_32_BIT_CONVERSION = YES;
				GCC_WARN_ABOUT_RETURN_TYPE = YES_ERROR;
				GCC_WARN_UNDECLARED_SELECTOR = YES;
				GCC_WARN_UNINITIALIZED_AUTOS = YES_AGGRESSIVE;
				GCC_WARN_UNUSED_FUNCTION = YES;
				GCC_WARN_UNUSED_VARIABLE = YES;
				IPHONEOS_DEPLOYMENT_TARGET = 18.2;
				LOCALIZATION_PREFERS_STRING_CATALOGS = YES;
				MTL_ENABLE_DEBUG_INFO = INCLUDE_SOURCE;
				MTL_FAST_MATH = YES;
				ONLY_ACTIVE_ARCH = YES;
				SDKROOT = iphoneos;
				SWIFT_ACTIVE_COMPILATION_CONDITIONS = "DEBUG $(inherited)";
				SWIFT_OPTIMIZATION_LEVEL = "-Onone";
			};
			name = Debug;
		};
		B3F7D3122D5A091E00166854 /* Release */ = {
			isa = XCBuildConfiguration;
			buildSettings = {
				ALWAYS_SEARCH_USER_PATHS = NO;
				ASSETCATALOG_COMPILER_GENERATE_SWIFT_ASSET_SYMBOL_EXTENSIONS = YES;
				CLANG_ANALYZER_NONNULL = YES;
				CLANG_ANALYZER_NUMBER_OBJECT_CONVERSION = YES_AGGRESSIVE;
				CLANG_CXX_LANGUAGE_STANDARD = "gnu++20";
				CLANG_ENABLE_MODULES = YES;
				CLANG_ENABLE_OBJC_ARC = YES;
				CLANG_ENABLE_OBJC_WEAK = YES;
				CLANG_WARN_BLOCK_CAPTURE_AUTORELEASING = YES;
				CLANG_WARN_BOOL_CONVERSION = YES;
				CLANG_WARN_COMMA = YES;
				CLANG_WARN_CONSTANT_CONVERSION = YES;
				CLANG_WARN_DEPRECATED_OBJC_IMPLEMENTATIONS = YES;
				CLANG_WARN_DIRECT_OBJC_ISA_USAGE = YES_ERROR;
				CLANG_WARN_DOCUMENTATION_COMMENTS = YES;
				CLANG_WARN_EMPTY_BODY = YES;
				CLANG_WARN_ENUM_CONVERSION = YES;
				CLANG_WARN_INFINITE_RECURSION = YES;
				CLANG_WARN_INT_CONVERSION = YES;
				CLANG_WARN_NON_LITERAL_NULL_CONVERSION = YES;
				CLANG_WARN_OBJC_IMPLICIT_RETAIN_SELF = YES;
				CLANG_WARN_OBJC_LITERAL_CONVERSION = YES;
				CLANG_WARN_OBJC_ROOT_CLASS = YES_ERROR;
				CLANG_WARN_QUOTED_INCLUDE_IN_FRAMEWORK_HEADER = YES;
				CLANG_WARN_RANGE_LOOP_ANALYSIS = YES;
				CLANG_WARN_STRICT_PROTOTYPES = YES;
				CLANG_WARN_SUSPICIOUS_MOVE = YES;
				CLANG_WARN_UNGUARDED_AVAILABILITY = YES_AGGRESSIVE;
				CLANG_WARN_UNREACHABLE_CODE = YES;
				CLANG_WARN__DUPLICATE_METHOD_MATCH = YES;
				COPY_PHASE_STRIP = NO;
				DEBUG_INFORMATION_FORMAT = "dwarf-with-dsym";
				ENABLE_NS_ASSERTIONS = NO;
				ENABLE_STRICT_OBJC_MSGSEND = YES;
				ENABLE_USER_SCRIPT_SANDBOXING = YES;
				GCC_C_LANGUAGE_STANDARD = gnu17;
				GCC_NO_COMMON_BLOCKS = YES;
				GCC_WARN_64_TO_32_BIT_CONVERSION = YES;
				GCC_WARN_ABOUT_RETURN_TYPE = YES_ERROR;
				GCC_WARN_UNDECLARED_SELECTOR = YES;
				GCC_WARN_UNINITIALIZED_AUTOS = YES_AGGRESSIVE;
				GCC_WARN_UNUSED_FUNCTION = YES;
				GCC_WARN_UNUSED_VARIABLE = YES;
				IPHONEOS_DEPLOYMENT_TARGET = 18.2;
				LOCALIZATION_PREFERS_STRING_CATALOGS = YES;
				MTL_ENABLE_DEBUG_INFO = NO;
				MTL_FAST_MATH = YES;
				SDKROOT = iphoneos;
				SWIFT_COMPILATION_MODE = wholemodule;
				VALIDATE_PRODUCT = YES;
			};
			name = Release;
		};
		B3F7D3142D5A091E00166854 /* Debug */ = {
			isa = XCBuildConfiguration;
			buildSettings = {
				ASSETCATALOG_COMPILER_APPICON_NAME = AppIcon;
				ASSETCATALOG_COMPILER_GLOBAL_ACCENT_COLOR_NAME = AccentColor;
				CODE_SIGN_STYLE = Automatic;
				CURRENT_PROJECT_VERSION = 1;
				DEVELOPMENT_ASSET_PATHS = "\"MBDI_WS3_BingeQueuer/Preview Content\"";
				ENABLE_PREVIEWS = YES;
				GENERATE_INFOPLIST_FILE = YES;
				INFOPLIST_KEY_UIApplicationSceneManifest_Generation = YES;
				INFOPLIST_KEY_UIApplicationSupportsIndirectInputEvents = YES;
				INFOPLIST_KEY_UILaunchScreen_Generation = YES;
				INFOPLIST_KEY_UISupportedInterfaceOrientations_iPad = "UIInterfaceOrientationPortrait UIInterfaceOrientationPortraitUpsideDown UIInterfaceOrientationLandscapeLeft UIInterfaceOrientationLandscapeRight";
				INFOPLIST_KEY_UISupportedInterfaceOrientations_iPhone = "UIInterfaceOrientationPortrait UIInterfaceOrientationLandscapeLeft UIInterfaceOrientationLandscapeRight";
				LD_RUNPATH_SEARCH_PATHS = (
					"$(inherited)",
					"@executable_path/Frameworks",
				);
				MARKETING_VERSION = 1.0;
				PRODUCT_BUNDLE_IDENTIFIER = "nl.avans.MBDI-WS3-BingeQueuer";
				PRODUCT_NAME = "$(TARGET_NAME)";
				SWIFT_EMIT_LOC_STRINGS = YES;
				SWIFT_VERSION = 5.0;
				TARGETED_DEVICE_FAMILY = "1,2";
			};
			name = Debug;
		};
		B3F7D3152D5A091E00166854 /* Release */ = {
			isa = XCBuildConfiguration;
			buildSettings = {
				ASSETCATALOG_COMPILER_APPICON_NAME = AppIcon;
				ASSETCATALOG_COMPILER_GLOBAL_ACCENT_COLOR_NAME = AccentColor;
				CODE_SIGN_STYLE = Automatic;
				CURRENT_PROJECT_VERSION = 1;
				DEVELOPMENT_ASSET_PATHS = "\"MBDI_WS3_BingeQueuer/Preview Content\"";
				ENABLE_PREVIEWS = YES;
				GENERATE_INFOPLIST_FILE = YES;
				INFOPLIST_KEY_UIApplicationSceneManifest_Generation = YES;
				INFOPLIST_KEY_UIApplicationSupportsIndirectInputEvents = YES;
				INFOPLIST_KEY_UILaunchScreen_Generation = YES;
				INFOPLIST_KEY_UISupportedInterfaceOrientations_iPad = "UIInterfaceOrientationPortrait UIInterfaceOrientationPortraitUpsideDown UIInterfaceOrientationLandscapeLeft UIInterfaceOrientationLandscapeRight";
				INFOPLIST_KEY_UISupportedInterfaceOrientations_iPhone = "UIInterfaceOrientationPortrait UIInterfaceOrientationLandscapeLeft UIInterfaceOrientationLandscapeRight";
				LD_RUNPATH_SEARCH_PATHS = (
					"$(inherited)",
					"@executable_path/Frameworks",
				);
				MARKETING_VERSION = 1.0;
				PRODUCT_BUNDLE_IDENTIFIER = "nl.avans.MBDI-WS3-BingeQueuer";
				PRODUCT_NAME = "$(TARGET_NAME)";
				SWIFT_EMIT_LOC_STRINGS = YES;
				SWIFT_VERSION = 5.0;
				TARGETED_DEVICE_FAMILY = "1,2";
			};
			name = Release;
		};
		B3F7D3172D5A091E00166854 /* Debug */ = {
			isa = XCBuildConfiguration;
			buildSettings = {
				BUNDLE_LOADER = "$(TEST_HOST)";
				CODE_SIGN_STYLE = Automatic;
				CURRENT_PROJECT_VERSION = 1;
				GENERATE_INFOPLIST_FILE = YES;
				IPHONEOS_DEPLOYMENT_TARGET = 18.2;
				MARKETING_VERSION = 1.0;
				PRODUCT_BUNDLE_IDENTIFIER = "nl.avans.MBDI-WS3-BingeQueuerTests";
				PRODUCT_NAME = "$(TARGET_NAME)";
				SWIFT_EMIT_LOC_STRINGS = NO;
				SWIFT_VERSION = 5.0;
				TARGETED_DEVICE_FAMILY = "1,2";
				TEST_HOST = "$(BUILT_PRODUCTS_DIR)/MBDI_WS3_BingeQueuer.app/$(BUNDLE_EXECUTABLE_FOLDER_PATH)/MBDI_WS3_BingeQueuer";
			};
			name = Debug;
		};
		B3F7D3182D5A091E00166854 /* Release */ = {
			isa = XCBuildConfiguration;
			buildSettings = {
				BUNDLE_LOADER = "$(TEST_HOST)";
				CODE_SIGN_STYLE = Automatic;
				CURRENT_PROJECT_VERSION = 1;
				GENERATE_INFOPLIST_FILE = YES;
				IPHONEOS_DEPLOYMENT_TARGET = 18.2;
				MARKETING_VERSION = 1.0;
				PRODUCT_BUNDLE_IDENTIFIER = "nl.avans.MBDI-WS3-BingeQueuerTests";
				PRODUCT_NAME = "$(TARGET_NAME)";
				SWIFT_EMIT_LOC_STRINGS = NO;
				SWIFT_VERSION = 5.0;
				TARGETED_DEVICE_FAMILY = "1,2";
				TEST_HOST = "$(BUILT_PRODUCTS_DIR)/MBDI_WS3_BingeQueuer.app/$(BUNDLE_EXECUTABLE_FOLDER_PATH)/MBDI_WS3_BingeQueuer";
			};
			name = Release;
		};
		B3F7D31A2D5A091E00166854 /* Debug */ = {
			isa = XCBuildConfiguration;
			buildSettings = {
				CODE_SIGN_STYLE = Automatic;
				CURRENT_PROJECT_VERSION = 1;
				GENERATE_INFOPLIST_FILE = YES;
				MARKETING_VERSION = 1.0;
				PRODUCT_BUNDLE_IDENTIFIER = "nl.avans.MBDI-WS3-BingeQueuerUITests";
				PRODUCT_NAME = "$(TARGET_NAME)";
				SWIFT_EMIT_LOC_STRINGS = NO;
				SWIFT_VERSION = 5.0;
				TARGETED_DEVICE_FAMILY = "1,2";
				TEST_TARGET_NAME = MBDI_WS3_BingeQueuer;
			};
			name = Debug;
		};
		B3F7D31B2D5A091E00166854 /* Release */ = {
			isa = XCBuildConfiguration;
			buildSettings = {
				CODE_SIGN_STYLE = Automatic;
				CURRENT_PROJECT_VERSION = 1;
				GENERATE_INFOPLIST_FILE = YES;
				MARKETING_VERSION = 1.0;
				PRODUCT_BUNDLE_IDENTIFIER = "nl.avans.MBDI-WS3-BingeQueuerUITests";
				PRODUCT_NAME = "$(TARGET_NAME)";
				SWIFT_EMIT_LOC_STRINGS = NO;
				SWIFT_VERSION = 5.0;
				TARGETED_DEVICE_FAMILY = "1,2";
				TEST_TARGET_NAME = MBDI_WS3_BingeQueuer;
			};
			name = Release;
		};
/* End XCBuildConfiguration section */

/* Begin XCConfigurationList section */
		B3F7D2EA2D5A091C00166854 /* Build configuration list for PBXProject "MBDI_WS3_BingeQueuer" */ = {
			isa = XCConfigurationList;
			buildConfigurations = (
				B3F7D3112D5A091E00166854 /* Debug */,
				B3F7D3122D5A091E00166854 /* Release */,
			);
			defaultConfigurationIsVisible = 0;
			defaultConfigurationName = Release;
		};
		B3F7D3132D5A091E00166854 /* Build configuration list for PBXNativeTarget "MBDI_WS3_BingeQueuer" */ = {
			isa = XCConfigurationList;
			buildConfigurations = (
				B3F7D3142D5A091E00166854 /* Debug */,
				B3F7D3152D5A091E00166854 /* Release */,
			);
			defaultConfigurationIsVisible = 0;
			defaultConfigurationName = Release;
		};
		B3F7D3162D5A091E00166854 /* Build configuration list for PBXNativeTarget "MBDI_WS3_BingeQueuerTests" */ = {
			isa = XCConfigurationList;
			buildConfigurations = (
				B3F7D3172D5A091E00166854 /* Debug */,
				B3F7D3182D5A091E00166854 /* Release */,
			);
			defaultConfigurationIsVisible = 0;
			defaultConfigurationName = Release;
		};
		B3F7D3192D5A091E00166854 /* Build configuration list for PBXNativeTarget "MBDI_WS3_BingeQueuerUITests" */ = {
			isa = XCConfigurationList;
			buildConfigurations = (
				B3F7D31A2D5A091E00166854 /* Debug */,
				B3F7D31B2D5A091E00166854 /* Release */,
			);
			defaultConfigurationIsVisible = 0;
			defaultConfigurationName = Release;
		};
/* End XCConfigurationList section */
	};
	rootObject = B3F7D2E72D5A091C00166854 /* Project object */;
}
